PODS:
  - CryptoSwift (0.13.1)
  - HotKey (0.1.1)
  - MarqueeLabel (3.2.0):
    - MarqueeLabel/ObjC (= 3.2.0)
  - MarqueeLabel/ObjC (3.2.0)
  - Preferences (0.2.1)

DEPENDENCIES:
  - CryptoSwift
  - HotKey
  - MarqueeLabel
  - Preferences

SPEC REPOS:
  https://github.com/cocoapods/specs.git:
    - CryptoSwift
    - HotKey
    - MarqueeLabel
    - Preferences

SPEC CHECKSUMS:
  CryptoSwift: ff68c35a53e03177d31aaa2c1e8b3e010aeed6cb
  HotKey: 0be143fd015544a63c51be6dc2066dbf455ced72
  MarqueeLabel: 440a502b91a9179bd98f9fff00ba1150650a1c0e
  Preferences: 5543bfd757a2485a310683da977d661c0ae509a9

PODFILE CHECKSUM: 475f3de157b00d533e2e8e339badf0376334cbcd

COCOAPODS: 1.5.3
